
Microsoft Visual Studio Solution File, Format Version 12.00
# Visual Studio Version 17
VisualStudioVersion = 17.10.35013.160
MinimumVisualStudioVersion = 10.0.40219.1
Project("{9A19103F-16F7-4668-BE54-9A1E7A4F7556}") = "Nexo.Api", "Nexo,Api\Nexo.Api.csproj", "{FC09E7A8-B41D-4C74-8390-F19C1A162EF5}"
EndProject
Global
	GlobalSection(SolutionConfigurationPlatforms) = preSolution
		Debug|Any CPU = Debug|Any CPU
		Release|Any CPU = Release|Any CPU
	EndGlobalSection
	GlobalSection(ProjectConfigurationPlatforms) = postSolution
		{FC09E7A8-B41D-4C74-8390-F19C1A162EF5}.Debug|Any CPU.ActiveCfg = Debug|Any CPU
		{FC09E7A8-B41D-4C74-8390-F19C1A162EF5}.Debug|Any CPU.Build.0 = Debug|Any CPU
		{FC09E7A8-B41D-4C74-8390-F19C1A162EF5}.Release|Any CPU.ActiveCfg = Release|Any CPU
		{FC09E7A8-B41D-4C74-8390-F19C1A162EF5}.Release|Any CPU.Build.0 = Release|Any CPU
	EndGlobalSection
	GlobalSection(SolutionProperties) = preSolution
		HideSolutionNode = FALSE
	EndGlobalSection
	GlobalSection(ExtensibilityGlobals) = postSolution
		SolutionGuid = {6D0BFBB7-F69F-4BDE-B293-B9C3D17CDD63}
	EndGlobalSection
EndGlobal
